lockfileVersion: 5.3

specifiers:
  '@types/fs-extra': ^9.0.12
  alfy: ^0.6.0
  dayjs: ^1.10.6
  fs-extra: ^10.0.0
  run-node: ^2.0.0

dependencies:
  '@types/fs-extra': registry.nlark.com/@types/fs-extra/9.0.12
  alfy: registry.nlark.com/alfy/0.6.0
  dayjs: registry.nlark.com/dayjs/1.10.6
  fs-extra: registry.nlark.com/fs-extra/10.0.0
  run-node: registry.nlark.com/run-node/2.0.0

packages:

  /ansi-regex/2.1.1:
    resolution: {integrity: sha1-w7M6te42DYbg5ijwRorn7yfWVN8=, tarball: ansi-regex/download/ansi-regex-2.1.1.tgz?cache=0&sync_timestamp=1618553945397&other_urls=https%3A%2F%2Fregistry.npm.taobao.org%2Fansi-regex%2Fdownload%2Fansi-regex-2.1.1.tgz}
    engines: {node: '>=0.10.0'}
    dev: false

  /array-find-index/1.0.2:
    resolution: {integrity: sha1-3wEKoSh+Fku9pvlyOwqWoexBh6E=, tarball: array-find-index/download/array-find-index-1.0.2.tgz}
    engines: {node: '>=0.10.0'}
    dev: false

  /array-union/1.0.2:
    resolution: {integrity: sha1-mjRBDk9OPaI96jdb5b5w8kd47Dk=, tarball: array-union/download/array-union-1.0.2.tgz}
    engines: {node: '>=0.10.0'}
    dependencies:
      array-uniq: registry.nlark.com/array-uniq/1.0.3
    dev: false

  /balanced-match/1.0.2:
    resolution: {integrity: sha1-6D46fj8wCzTLnYf2FfoMvzV2kO4=, tarball: balanced-match/download/balanced-match-1.0.2.tgz}
    dev: false

  /base64-js/1.2.0:
    resolution: {integrity: sha1-o5mS1yNYSBGYK+XikLtqU9hnAPE=, tarball: base64-js/download/base64-js-1.2.0.tgz}
    dev: false

  /big-integer/1.6.48:
    resolution: {integrity: sha1-j9iL0WMsukocjD49cVnwi7lbS54=, tarball: big-integer/download/big-integer-1.6.48.tgz}
    engines: {node: '>=0.6'}
    dev: false

  /brace-expansion/1.1.11:
    resolution: {integrity: sha1-PH/L9SnYcibz0vUrlm/1Jx60Qd0=, tarball: brace-expansion/download/brace-expansion-1.1.11.tgz}
    dependencies:
      balanced-match: 1.0.2
      concat-map: 0.0.1
    dev: false

  /concat-map/0.0.1:
    resolution: {integrity: sha1-2Klr13/Wjfd5OnMDajug1UBdR3s=, tarball: concat-map/download/concat-map-0.0.1.tgz}
    dev: false

  /cross-spawn/4.0.2:
    resolution: {integrity: sha1-e5JHYhwjrf3ThWAEqCPL45dCTUE=, tarball: cross-spawn/download/cross-spawn-4.0.2.tgz}
    dependencies:
      lru-cache: 4.1.5
      which: 1.3.1
    dev: false

  /cross-spawn/5.1.0:
    resolution: {integrity: sha1-6L0O/uWPz/b4+UUQoKVUu/ojVEk=, tarball: cross-spawn/download/cross-spawn-5.1.0.tgz}
    dependencies:
      lru-cache: 4.1.5
      shebang-command: 1.2.0
      which: 1.3.1
    dev: false

  /currently-unhandled/0.4.1:
    resolution: {integrity: sha1-mI3zP+qxke95mmE2nddsF635V+o=, tarball: currently-unhandled/download/currently-unhandled-0.4.1.tgz}
    engines: {node: '>=0.10.0'}
    dependencies:
      array-find-index: 1.0.2
    dev: false

  /deep-extend/0.6.0:
    resolution: {integrity: sha1-xPp8lUBKF6nD6Mp+FTcxK3NjMKw=, tarball: deep-extend/download/deep-extend-0.6.0.tgz}
    engines: {node: '>=4.0.0'}
    dev: false

  /del/2.2.2:
    resolution: {integrity: sha1-wSyYHQZ4RshLyvhiz/kw2Qf/0ag=, tarball: del/download/del-2.2.2.tgz}
    engines: {node: '>=0.10.0'}
    dependencies:
      globby: registry.nlark.com/globby/5.0.0
      is-path-cwd: registry.nlark.com/is-path-cwd/1.0.0
      is-path-in-cwd: registry.nlark.com/is-path-in-cwd/1.0.1
      object-assign: 4.1.1
      pify: 2.3.0
      pinkie-promise: 2.0.1
      rimraf: 2.7.1
    dev: false

  /dot-prop/3.0.0:
    resolution: {integrity: sha1-G3CK8JSknJoOfbyteQq6U52sEXc=, tarball: dot-prop/download/dot-prop-3.0.0.tgz}
    engines: {node: '>=0.10.0'}
    dependencies:
      is-obj: 1.0.1
    dev: false

  /dot-prop/4.2.1:
    resolution: {integrity: sha1-RYhBlKcfws2nHLtLzrOk3S9DO6Q=, tarball: dot-prop/download/dot-prop-4.2.1.tgz}
    engines: {node: '>=4'}
    dependencies:
      is-obj: 1.0.1
    dev: false

  /duplexer3/0.1.4:
    resolution: {integrity: sha1-7gHdHKwO08vH/b6jfcCo8c4ALOI=, tarball: duplexer3/download/duplexer3-0.1.4.tgz}
    dev: false

  /error-ex/1.3.2:
    resolution: {integrity: sha1-tKxAZIEH/c3PriQvQovqihTU8b8=, tarball: error-ex/download/error-ex-1.3.2.tgz}
    dependencies:
      is-arrayish: 0.2.1
    dev: false

  /escape-string-regexp/1.0.5:
    resolution: {integrity: sha1-G2HAViGQqN/2rjuyzwIAyhMLhtQ=, tarball: escape-string-regexp/download/escape-string-regexp-1.0.5.tgz}
    engines: {node: '>=0.8.0'}
    dev: false

  /function-bind/1.1.1:
    resolution: {integrity: sha1-pWiZ0+o8m6uHS7l3O3xe3pL0iV0=, tarball: function-bind/download/function-bind-1.1.1.tgz}
    dev: false

  /get-stream/2.3.1:
    resolution: {integrity: sha1-Xzj5PzRgCWZu4BUKBUFn+Rvdld4=, tarball: get-stream/download/get-stream-2.3.1.tgz}
    engines: {node: '>=0.10.0'}
    dependencies:
      object-assign: 4.1.1
      pinkie-promise: 2.0.1
    dev: false

  /get-stream/3.0.0:
    resolution: {integrity: sha1-jpQ9E1jcN1VQVOy+LtsFqhdO3hQ=, tarball: get-stream/download/get-stream-3.0.0.tgz}
    engines: {node: '>=4'}
    dev: false

  /has-ansi/2.0.0:
    resolution: {integrity: sha1-NPUEnOHs3ysGSa8+8k5F7TVBbZE=, tarball: has-ansi/download/has-ansi-2.0.0.tgz?cache=0&sync_timestamp=1618558151426&other_urls=https%3A%2F%2Fregistry.npm.taobao.org%2Fhas-ansi%2Fdownload%2Fhas-ansi-2.0.0.tgz}
    engines: {node: '>=0.10.0'}
    dependencies:
      ansi-regex: 2.1.1
    dev: false

  /has/1.0.3:
    resolution: {integrity: sha1-ci18v8H2qoJB8W3YFOAR4fQeh5Y=, tarball: has/download/has-1.0.3.tgz}
    engines: {node: '>= 0.4.0'}
    dependencies:
      function-bind: 1.1.1
    dev: false

  /hosted-git-info/2.8.9:
    resolution: {integrity: sha1-3/wL+aIcAiCQkPKqaUKeFBTa8/k=, tarball: hosted-git-info/download/hosted-git-info-2.8.9.tgz}
    dev: false

  /inflight/1.0.6:
    resolution: {integrity: sha1-Sb1jMdfQLQwJvJEKEHW6gWW1bfk=, tarball: inflight/download/inflight-1.0.6.tgz}
    dependencies:
      once: 1.4.0
      wrappy: registry.nlark.com/wrappy/1.0.2
    dev: false

  /inherits/2.0.4:
    resolution: {integrity: sha1-D6LGT5MpF8NDOg3tVTY6rjdBa3w=, tarball: inherits/download/inherits-2.0.4.tgz}
    dev: false

  /ini/1.3.8:
    resolution: {integrity: sha1-op2kJbSIBvNHZ6Tvzjlyaa8oQyw=, tarball: ini/download/ini-1.3.8.tgz}
    dev: false

  /is-arrayish/0.2.1:
    resolution: {integrity: sha1-d8mYQFJ6qOyxqLppe4BkWnqSap0=, tarball: is-arrayish/download/is-arrayish-0.2.1.tgz}
    dev: false

  /is-docker/1.1.0:
    resolution: {integrity: sha1-8EN01O7lMQ6ajhE78UlUEeRhdqE=, tarball: is-docker/download/is-docker-1.1.0.tgz}
    engines: {node: '>=0.10.0'}
    dev: false

  /is-obj/1.0.1:
    resolution: {integrity: sha1-PkcprB9f3gJc19g6iW2rn09n2w8=, tarball: is-obj/download/is-obj-1.0.1.tgz}
    engines: {node: '>=0.10.0'}
    dev: false

  /is-retry-allowed/1.2.0:
    resolution: {integrity: sha1-13hIi9CkZmo76KFIK58rqv7eqLQ=, tarball: is-retry-allowed/download/is-retry-allowed-1.2.0.tgz}
    engines: {node: '>=0.10.0'}
    dev: false

  /is-root/1.0.0:
    resolution: {integrity: sha1-B7bCM7w5TNnQK6FclmvWZg1jQtU=, tarball: is-root/download/is-root-1.0.0.tgz}
    engines: {node: '>=0.10.0'}
    dev: false

  /is-utf8/0.2.1:
    resolution: {integrity: sha1-Sw2hRCEE0bM2NA6AeX6GXPOffXI=, tarball: is-utf8/download/is-utf8-0.2.1.tgz}
    dev: false

  /isexe/2.0.0:
    resolution: {integrity: sha1-6PvzdNxVb/iUehDcsFctYz8s+hA=, tarball: isexe/download/isexe-2.0.0.tgz}
    dev: false

  /jsonfile/6.1.0:
    resolution: {integrity: sha1-vFWyY0eTxnnsZAMJTrE2mKbsCq4=, tarball: jsonfile/download/jsonfile-6.1.0.tgz}
    dependencies:
      universalify: 2.0.0
    optionalDependencies:
      graceful-fs: registry.nlark.com/graceful-fs/4.2.8
    dev: false

  /load-json-file/1.1.0:
    resolution: {integrity: sha1-lWkFcI1YtLq0wiYbBPWfMcmTdMA=, tarball: load-json-file/download/load-json-file-1.1.0.tgz}
    engines: {node: '>=0.10.0'}
    dependencies:
      graceful-fs: registry.nlark.com/graceful-fs/4.2.8
      parse-json: 2.2.0
      pify: 2.3.0
      pinkie-promise: 2.0.1
      strip-bom: 2.0.0
    dev: false

  /load-json-file/2.0.0:
    resolution: {integrity: sha1-eUfkIUmvgNaWy/eXvKq8/h/inKg=, tarball: load-json-file/download/load-json-file-2.0.0.tgz}
    engines: {node: '>=4'}
    dependencies:
      graceful-fs: registry.nlark.com/graceful-fs/4.2.8
      parse-json: 2.2.0
      pify: 2.3.0
      strip-bom: 3.0.0
    dev: false

  /loud-rejection/1.6.0:
    resolution: {integrity: sha1-W0b4AUft7leIcPCG0Eghz5mOVR8=, tarball: loud-rejection/download/loud-rejection-1.6.0.tgz}
    engines: {node: '>=0.10.0'}
    dependencies:
      currently-unhandled: 0.4.1
      signal-exit: 3.0.3
    dev: false

  /lowercase-keys/1.0.1:
    resolution: {integrity: sha1-b54wtHCE2XGnyCD/FabFFnt0wm8=, tarball: lowercase-keys/download/lowercase-keys-1.0.1.tgz}
    engines: {node: '>=0.10.0'}
    dev: false

  /lru-cache/4.1.5:
    resolution: {integrity: sha1-i75Q6oW+1ZvJ4z3KuCNe6bz0Q80=, tarball: lru-cache/download/lru-cache-4.1.5.tgz}
    dependencies:
      pseudomap: 1.0.2
      yallist: registry.nlark.com/yallist/2.1.2
    dev: false

  /minimatch/3.0.4:
    resolution: {integrity: sha1-UWbihkV/AzBgZL5Ul+jbsMPTIIM=, tarball: minimatch/download/minimatch-3.0.4.tgz}
    dependencies:
      brace-expansion: 1.1.11
    dev: false

  /minimist/1.2.5:
    resolution: {integrity: sha1-Z9ZgFLZqaoqqDAg8X9WN9OTpdgI=, tarball: minimist/download/minimist-1.2.5.tgz}
    dev: false

  /mkdirp/0.5.5:
    resolution: {integrity: sha1-2Rzv1i0UNsoPQWIOJRKI1CAJne8=, tarball: mkdirp/download/mkdirp-0.5.5.tgz}
    hasBin: true
    dependencies:
      minimist: 1.2.5
    dev: false

  /npm-run-path/2.0.2:
    resolution: {integrity: sha1-NakjLfo11wZ7TLLd8jV7GHFTbF8=, tarball: npm-run-path/download/npm-run-path-2.0.2.tgz}
    engines: {node: '>=4'}
    dependencies:
      path-key: 2.0.1
    dev: false

  /object-assign/4.1.1:
    resolution: {integrity: sha1-IQmtx5ZYh8/AXLvUQsrIv7s2CGM=, tarball: object-assign/download/object-assign-4.1.1.tgz}
    engines: {node: '>=0.10.0'}
    dev: false

  /once/1.4.0:
    resolution: {integrity: sha1-WDsap3WWHUsROsF9nFC6753Xa9E=, tarball: once/download/once-1.4.0.tgz}
    dependencies:
      wrappy: registry.nlark.com/wrappy/1.0.2
    dev: false

  /os-homedir/1.0.2:
    resolution: {integrity: sha1-/7xJiDNuDoM94MFox+8VISGqf7M=, tarball: os-homedir/download/os-homedir-1.0.2.tgz}
    engines: {node: '>=0.10.0'}
    dev: false

  /p-finally/1.0.0:
    resolution: {integrity: sha1-P7z7FbiZpEEjs0ttzBi3JDNqLK4=, tarball: p-finally/download/p-finally-1.0.0.tgz}
    engines: {node: '>=4'}
    dev: false

  /parse-json/2.2.0:
    resolution: {integrity: sha1-9ID0BDTvgHQfhGkJn43qGPVaTck=, tarball: parse-json/download/parse-json-2.2.0.tgz}
    engines: {node: '>=0.10.0'}
    dependencies:
      error-ex: 1.3.2
    dev: false

  /path-is-absolute/1.0.1:
    resolution: {integrity: sha1-F0uSaHNVNP+8es5r9TpanhtcX18=, tarball: path-is-absolute/download/path-is-absolute-1.0.1.tgz}
    engines: {node: '>=0.10.0'}
    dev: false

  /path-is-inside/1.0.2:
    resolution: {integrity: sha1-NlQX3t5EQw0cEa9hAn+s8HS9/FM=, tarball: path-is-inside/download/path-is-inside-1.0.2.tgz}
    dev: false

  /path-key/2.0.1:
    resolution: {integrity: sha1-QRyttXTFoUDTpLGRDUDYDMn0C0A=, tarball: path-key/download/path-key-2.0.1.tgz?cache=0&sync_timestamp=1617971828142&other_urls=https%3A%2F%2Fregistry.npm.taobao.org%2Fpath-key%2Fdownload%2Fpath-key-2.0.1.tgz}
    engines: {node: '>=4'}
    dev: false

  /path-type/1.1.0:
    resolution: {integrity: sha1-WcRPfuSR2nBNpBXaWkBwuk+P5EE=, tarball: path-type/download/path-type-1.1.0.tgz}
    engines: {node: '>=0.10.0'}
    dependencies:
      graceful-fs: registry.nlark.com/graceful-fs/4.2.8
      pify: 2.3.0
      pinkie-promise: 2.0.1
    dev: false

  /path-type/2.0.0:
    resolution: {integrity: sha1-8BLMuEFbcJb8LaoQVMPXI4lZTHM=, tarball: path-type/download/path-type-2.0.0.tgz}
    engines: {node: '>=4'}
    dependencies:
      pify: 2.3.0
    dev: false

  /pify/2.3.0:
    resolution: {integrity: sha1-7RQaasBDqEnqWISY59yosVMw6Qw=, tarball: pify/download/pify-2.3.0.tgz}
    engines: {node: '>=0.10.0'}
    dev: false

  /pify/3.0.0:
    resolution: {integrity: sha1-5aSs0sEB/fPZpNB/DbxNtJ3SgXY=, tarball: pify/download/pify-3.0.0.tgz}
    engines: {node: '>=4'}
    dev: false

  /pinkie-promise/2.0.1:
    resolution: {integrity: sha1-ITXW36ejWMBprJsXh3YogihFD/o=, tarball: pinkie-promise/download/pinkie-promise-2.0.1.tgz}
    engines: {node: '>=0.10.0'}
    dependencies:
      pinkie: 2.0.4
    dev: false

  /pinkie/2.0.4:
    resolution: {integrity: sha1-clVrgM+g1IqXToDnckjoDtT3+HA=, tarball: pinkie/download/pinkie-2.0.4.tgz}
    engines: {node: '>=0.10.0'}
    dev: false

  /pkg-up/1.0.0:
    resolution: {integrity: sha1-Pgj7RhUlxEIWJKM7n35tCvWwWiY=, tarball: pkg-up/download/pkg-up-1.0.0.tgz}
    engines: {node: '>=0.10.0'}
    dependencies:
      find-up: registry.nlark.com/find-up/1.1.2
    dev: false

  /pseudomap/1.0.2:
    resolution: {integrity: sha1-8FKijacOYYkX7wqKw0wa5aaChrM=, tarball: pseudomap/download/pseudomap-1.0.2.tgz}
    dev: false

  /rc/1.2.8:
    resolution: {integrity: sha1-zZJL9SAKB1uDwYjNa54hG3/A0+0=, tarball: rc/download/rc-1.2.8.tgz}
    hasBin: true
    dependencies:
      deep-extend: 0.6.0
      ini: 1.3.8
      minimist: 1.2.5
      strip-json-comments: registry.nlark.com/strip-json-comments/2.0.1
    dev: false

  /read-pkg-up/1.0.1:
    resolution: {integrity: sha1-nWPBMnbAZZGNV/ACpX9AobZD+wI=, tarball: read-pkg-up/download/read-pkg-up-1.0.1.tgz}
    engines: {node: '>=0.10.0'}
    dependencies:
      find-up: registry.nlark.com/find-up/1.1.2
      read-pkg: registry.nlark.com/read-pkg/1.1.0
    dev: false

  /registry-auth-token/3.4.0:
    resolution: {integrity: sha1-10RoFUM/XV7WQxzV3KIQSPZrOX4=, tarball: registry-auth-token/download/registry-auth-token-3.4.0.tgz}
    dependencies:
      rc: 1.2.8
      safe-buffer: registry.nlark.com/safe-buffer/5.2.1
    dev: false

  /registry-url/3.1.0:
    resolution: {integrity: sha1-PU74cPc93h138M+aOBQyRE4XSUI=, tarball: registry-url/download/registry-url-3.1.0.tgz}
    engines: {node: '>=0.10.0'}
    dependencies:
      rc: 1.2.8
    dev: false

  /resolve/1.20.0:
    resolution: {integrity: sha1-YpoBP7P3B1XW8LeTXMHCxTeLGXU=, tarball: resolve/download/resolve-1.20.0.tgz}
    dependencies:
      is-core-module: registry.nlark.com/is-core-module/2.6.0
      path-parse: registry.nlark.com/path-parse/1.0.7
    dev: false

  /rimraf/2.7.1:
    resolution: {integrity: sha1-NXl/E6f9rcVmFCwp1PB8ytSD4+w=, tarball: rimraf/download/rimraf-2.7.1.tgz}
    hasBin: true
    dependencies:
      glob: registry.nlark.com/glob/7.1.7
    dev: false

  /semver/5.7.1:
    resolution: {integrity: sha1-qVT5Ma66UI0we78Gnv8MAclhFvc=, tarball: semver/download/semver-5.7.1.tgz?cache=0&sync_timestamp=1616468020191&other_urls=https%3A%2F%2Fregistry.npm.taobao.org%2Fsemver%2Fdownload%2Fsemver-5.7.1.tgz}
    hasBin: true
    dev: false

  /shebang-command/1.2.0:
    resolution: {integrity: sha1-RKrGW2lbAzmJaMOfNj/uXer98eo=, tarball: shebang-command/download/shebang-command-1.2.0.tgz}
    engines: {node: '>=0.10.0'}
    dependencies:
      shebang-regex: registry.nlark.com/shebang-regex/1.0.0
    dev: false

  /signal-exit/3.0.3:
    resolution: {integrity: sha1-oUEMLt2PB3sItOJTyOrPyvBXRhw=, tarball: signal-exit/download/signal-exit-3.0.3.tgz}
    dev: false

  /spdx-correct/3.1.1:
    resolution: {integrity: sha1-3s6BrJweZxPl99G28X1Gj6U9iak=, tarball: spdx-correct/download/spdx-correct-3.1.1.tgz}
    dependencies:
      spdx-expression-parse: 3.0.1
      spdx-license-ids: registry.nlark.com/spdx-license-ids/3.0.10
    dev: false

  /spdx-exceptions/2.3.0:
    resolution: {integrity: sha1-PyjOGnegA3JoPq3kpDMYNSeiFj0=, tarball: spdx-exceptions/download/spdx-exceptions-2.3.0.tgz}
    dev: false

  /spdx-expression-parse/3.0.1:
    resolution: {integrity: sha1-z3D1BILu/cmOPOCmgz5KU87rpnk=, tarball: spdx-expression-parse/download/spdx-expression-parse-3.0.1.tgz}
    dependencies:
      spdx-exceptions: 2.3.0
      spdx-license-ids: registry.nlark.com/spdx-license-ids/3.0.10
    dev: false

  /strip-bom/2.0.0:
    resolution: {integrity: sha1-YhmoVhZSBJHzV4i9vxRHqZx+aw4=, tarball: strip-bom/download/strip-bom-2.0.0.tgz}
    engines: {node: '>=0.10.0'}
    dependencies:
      is-utf8: 0.2.1
    dev: false

  /strip-bom/3.0.0:
    resolution: {integrity: sha1-IzTBjpx1n3vdVv3vfprj1YjmjtM=, tarball: strip-bom/download/strip-bom-3.0.0.tgz}
    engines: {node: '>=4'}
    dev: false

  /strip-eof/1.0.0:
    resolution: {integrity: sha1-u0P/VZim6wXYm1n80SnJgzE2Br8=, tarball: strip-eof/download/strip-eof-1.0.0.tgz}
    engines: {node: '>=0.10.0'}
    dev: false

  /universalify/2.0.0:
    resolution: {integrity: sha1-daSYTv7cSwiXXFrrc/Uw0C3yVxc=, tarball: universalify/download/universalify-2.0.0.tgz}
    engines: {node: '>= 10.0.0'}
    dev: false

  /unzip-response/2.0.1:
    resolution: {integrity: sha1-0vD3N9FrBhXnKmk17QQhRXLVb5c=, tarball: unzip-response/download/unzip-response-2.0.1.tgz}
    engines: {node: '>=4'}
    dev: false

  /user-home/2.0.0:
    resolution: {integrity: sha1-nHC/2Babwdy/SGBODwS4tJzenp8=, tarball: user-home/download/user-home-2.0.0.tgz}
    engines: {node: '>=0.10.0'}
    dependencies:
      os-homedir: 1.0.2
    dev: false

  /validate-npm-package-license/3.0.4:
    resolution: {integrity: sha1-/JH2uce6FchX9MssXe/uw51PQQo=, tarball: validate-npm-package-license/download/validate-npm-package-license-3.0.4.tgz}
    dependencies:
      spdx-correct: 3.1.1
      spdx-expression-parse: 3.0.1
    dev: false

  /which/1.3.1:
    resolution: {integrity: sha1-pFBD1U9YBTFtqNYvn1CRjT2nCwo=, tarball: which/download/which-1.3.1.tgz?cache=0&sync_timestamp=1615986567056&other_urls=https%3A%2F%2Fregistry.npm.taobao.org%2Fwhich%2Fdownload%2Fwhich-1.3.1.tgz}
    hasBin: true
    dependencies:
      isexe: 2.0.0
    dev: false

  registry.nlark.com/@types/fs-extra/9.0.12:
    resolution: {integrity: sha1-m48nlz34p6OSDoRhUX6/in1P368=, registry: https://registry.npm.taobao.org/, tarball: https://registry.nlark.com/@types/fs-extra/download/@types/fs-extra-9.0.12.tgz?cache=0&sync_timestamp=1629709256113&other_urls=https%3A%2F%2Fregistry.nlark.com%2F%40types%2Ffs-extra%2Fdownload%2F%40types%2Ffs-extra-9.0.12.tgz}
    name: '@types/fs-extra'
    version: 9.0.12
    dependencies:
      '@types/node': registry.nlark.com/@types/node/16.7.4
    dev: false

  registry.nlark.com/@types/node/16.7.4:
    resolution: {integrity: sha1-aKk4RpSvY86riEjpXXbZo1GehLY=, registry: https://registry.npm.taobao.org/, tarball: https://registry.nlark.com/@types/node/download/@types/node-16.7.4.tgz?cache=0&sync_timestamp=1630093289101&other_urls=https%3A%2F%2Fregistry.nlark.com%2F%40types%2Fnode%2Fdownload%2F%40types%2Fnode-16.7.4.tgz}
    name: '@types/node'
    version: 16.7.4
    dev: false

  registry.nlark.com/alfred-link/0.2.1:
    resolution: {integrity: sha1-RizB/M0t7dwmdqsZxX5YS4gicQo=, registry: https://registry.npm.taobao.org/, tarball: https://registry.nlark.com/alfred-link/download/alfred-link-0.2.1.tgz}
    name: alfred-link
    version: 0.2.1
    engines: {node: '>=4'}
    hasBin: true
    dependencies:
      del: 2.2.2
      path-exists: registry.nlark.com/path-exists/3.0.0
      pify: 2.3.0
      plist: registry.nlark.com/plist/2.1.0
      read-pkg-up: 1.0.1
      resolve-alfred-prefs: registry.nlark.com/resolve-alfred-prefs/1.0.0
      sudo-block: registry.nlark.com/sudo-block/1.2.0
      user-home: 2.0.0
    dev: false

  registry.nlark.com/alfred-notifier/0.2.3:
    resolution: {integrity: sha1-Z4gWZB//A7D+CgPxRjCneMBXs5k=, registry: https://registry.npm.taobao.org/, tarball: https://registry.nlark.com/alfred-notifier/download/alfred-notifier-0.2.3.tgz}
    name: alfred-notifier
    version: 0.2.3
    engines: {node: '>=4'}
    dependencies:
      cache-conf: registry.nlark.com/cache-conf/0.5.0
      execa: registry.nlark.com/execa/0.8.0
      latest-version: registry.nlark.com/latest-version/3.1.0
      pify: 3.0.0
      plist: registry.nlark.com/plist/2.1.0
      read-pkg: registry.nlark.com/read-pkg/2.0.0
      semver: 5.7.1
    dev: false

  registry.nlark.com/alfy/0.6.0:
    resolution: {integrity: sha1-PB3fA+RLPPmkh3r0vOt6zZaDHXE=, registry: https://registry.npm.taobao.org/, tarball: https://registry.nlark.com/alfy/download/alfy-0.6.0.tgz}
    name: alfy
    version: 0.6.0
    engines: {node: '>=4'}
    hasBin: true
    dependencies:
      alfred-link: registry.nlark.com/alfred-link/0.2.1
      alfred-notifier: registry.nlark.com/alfred-notifier/0.2.3
      cache-conf: registry.nlark.com/cache-conf/0.3.0
      clean-stack: registry.nlark.com/clean-stack/1.3.0
      conf: registry.nlark.com/conf/0.11.2
      dot-prop: 4.2.1
      execa: registry.nlark.com/execa/0.5.1
      got: registry.nlark.com/got/6.7.1
      hook-std: registry.nlark.com/hook-std/0.2.0
      loud-rejection: 1.6.0
      npm-run-path: 2.0.2
      read-pkg-up: 1.0.1
    dev: false

  registry.nlark.com/ansi-styles/2.2.1:
    resolution: {integrity: sha1-tDLdM1i2NM914eRmQ2gkBTPB3b4=, registry: https://registry.npm.taobao.org/, tarball: https://registry.nlark.com/ansi-styles/download/ansi-styles-2.2.1.tgz}
    name: ansi-styles
    version: 2.2.1
    engines: {node: '>=0.10.0'}
    dev: false

  registry.nlark.com/array-uniq/1.0.3:
    resolution: {integrity: sha1-r2rId6Jcx/dOBYiUdThY39sk/bY=, registry: https://registry.npm.taobao.org/, tarball: https://registry.nlark.com/array-uniq/download/array-uniq-1.0.3.tgz}
    name: array-uniq
    version: 1.0.3
    engines: {node: '>=0.10.0'}
    dev: false

  registry.nlark.com/arrify/1.0.1:
    resolution: {integrity: sha1-iYUI2iIm84DfkEcoRWhJwVAaSw0=, registry: https://registry.npm.taobao.org/, tarball: https://registry.nlark.com/arrify/download/arrify-1.0.1.tgz}
    name: arrify
    version: 1.0.1
    engines: {node: '>=0.10.0'}
    dev: false

  registry.nlark.com/bplist-parser/0.1.1:
    resolution: {integrity: sha1-1g1dzCDLptx+HymbNdPh+V2vuuY=, registry: https://registry.npm.taobao.org/, tarball: https://registry.nlark.com/bplist-parser/download/bplist-parser-0.1.1.tgz}
    name: bplist-parser
    version: 0.1.1
    dependencies:
      big-integer: 1.6.48
    dev: false

  registry.nlark.com/cache-conf/0.3.0:
    resolution: {integrity: sha1-3iJPgkTq+Ua+pPyOSaub0p860U4=, registry: https://registry.npm.taobao.org/, tarball: https://registry.nlark.com/cache-conf/download/cache-conf-0.3.0.tgz}
    name: cache-conf
    version: 0.3.0
    engines: {node: '>=4'}
    dependencies:
      conf: registry.nlark.com/conf/0.11.2
      pkg-up: 1.0.0
    dev: false

  registry.nlark.com/cache-conf/0.5.0:
    resolution: {integrity: sha1-aBxC7Rdx6tK8I2MqddPNjceUXFk=, registry: https://registry.npm.taobao.org/, tarball: https://registry.nlark.com/cache-conf/download/cache-conf-0.5.0.tgz}
    name: cache-conf
    version: 0.5.0
    engines: {node: '>=4'}
    dependencies:
      conf: registry.nlark.com/conf/0.12.0
      pkg-up: 1.0.0
    dev: false

  registry.nlark.com/capture-stack-trace/1.0.1:
    resolution: {integrity: sha1-psC74fOPOqC5Ijjstv9Cw0TUE10=, registry: https://registry.npm.taobao.org/, tarball: https://registry.nlark.com/capture-stack-trace/download/capture-stack-trace-1.0.1.tgz?cache=0&sync_timestamp=1623218384267&other_urls=https%3A%2F%2Fregistry.nlark.com%2Fcapture-stack-trace%2Fdownload%2Fcapture-stack-trace-1.0.1.tgz}
    name: capture-stack-trace
    version: 1.0.1
    engines: {node: '>=0.10.0'}
    dev: false

  registry.nlark.com/chalk/1.1.3:
    resolution: {integrity: sha1-qBFcVeSnAv5NFQq9OHKCKn4J/Jg=, registry: https://registry.npm.taobao.org/, tarball: https://registry.nlark.com/chalk/download/chalk-1.1.3.tgz?cache=0&sync_timestamp=1627646644975&other_urls=https%3A%2F%2Fregistry.nlark.com%2Fchalk%2Fdownload%2Fchalk-1.1.3.tgz}
    name: chalk
    version: 1.1.3
    engines: {node: '>=0.10.0'}
    dependencies:
      ansi-styles: registry.nlark.com/ansi-styles/2.2.1
      escape-string-regexp: 1.0.5
      has-ansi: 2.0.0
      strip-ansi: registry.nlark.com/strip-ansi/3.0.1
      supports-color: registry.nlark.com/supports-color/2.0.0
    dev: false

  registry.nlark.com/clean-stack/1.3.0:
    resolution: {integrity: sha1-noIVAa6XmYbEax1m0tQy2y/UrjE=, registry: https://registry.npm.taobao.org/, tarball: https://registry.nlark.com/clean-stack/download/clean-stack-1.3.0.tgz?cache=0&sync_timestamp=1621915247089&other_urls=https%3A%2F%2Fregistry.nlark.com%2Fclean-stack%2Fdownload%2Fclean-stack-1.3.0.tgz}
    name: clean-stack
    version: 1.3.0
    engines: {node: '>=4'}
    dev: false

  registry.nlark.com/conf/0.11.2:
    resolution: {integrity: sha1-h59HkmdgBIPlAlg0YspAY/yXebI=, registry: https://registry.npm.taobao.org/, tarball: https://registry.nlark.com/conf/download/conf-0.11.2.tgz}
    name: conf
    version: 0.11.2
    dependencies:
      dot-prop: 3.0.0
      env-paths: registry.nlark.com/env-paths/0.3.1
      mkdirp: 0.5.5
      pkg-up: 1.0.0
    dev: false

  registry.nlark.com/conf/0.12.0:
    resolution: {integrity: sha1-hJjFmeJIf+xwNQXRgcETh1uMMQw=, registry: https://registry.npm.taobao.org/, tarball: https://registry.nlark.com/conf/download/conf-0.12.0.tgz}
    name: conf
    version: 0.12.0
    dependencies:
      dot-prop: 4.2.1
      env-paths: registry.nlark.com/env-paths/1.0.0
      mkdirp: 0.5.5
      pkg-up: 1.0.0
    dev: false

  registry.nlark.com/create-error-class/3.0.2:
    resolution: {integrity: sha1-Br56vvlHo/FKMP1hBnHUAbyot7Y=, registry: https://registry.npm.taobao.org/, tarball: https://registry.nlark.com/create-error-class/download/create-error-class-3.0.2.tgz}
    name: create-error-class
    version: 3.0.2
    engines: {node: '>=0.10.0'}
    dependencies:
      capture-stack-trace: registry.nlark.com/capture-stack-trace/1.0.1
    dev: false

  registry.nlark.com/dayjs/1.10.6:
    resolution: {integrity: sha1-KIsqqC8thBimydTfWJjAc3rQKmM=, registry: https://registry.npm.taobao.org/, tarball: https://registry.nlark.com/dayjs/download/dayjs-1.10.6.tgz}
    name: dayjs
    version: 1.10.6
    dev: false

  registry.nlark.com/env-paths/0.3.1:
    resolution: {integrity: sha1-wwzPy8MMiQlD3AioVYJRfvANpGM=, registry: https://registry.npm.taobao.org/, tarball: https://registry.nlark.com/env-paths/download/env-paths-0.3.1.tgz}
    name: env-paths
    version: 0.3.1
    engines: {node: '>=4'}
    dev: false

  registry.nlark.com/env-paths/1.0.0:
    resolution: {integrity: sha1-QWgTO0K7BcOKNbGuQ5fIKYqzaeA=, registry: https://registry.npm.taobao.org/, tarball: https://registry.nlark.com/env-paths/download/env-paths-1.0.0.tgz}
    name: env-paths
    version: 1.0.0
    engines: {node: '>=4'}
    dev: false

  registry.nlark.com/execa/0.5.1:
    resolution: {integrity: sha1-3j+4XLjW6RyFvLzrFkWBeFy1ezY=, registry: https://registry.npm.taobao.org/, tarball: https://registry.nlark.com/execa/download/execa-0.5.1.tgz?cache=0&sync_timestamp=1622825845507&other_urls=https%3A%2F%2Fregistry.nlark.com%2Fexeca%2Fdownload%2Fexeca-0.5.1.tgz}
    name: execa
    version: 0.5.1
    engines: {node: '>=4'}
    dependencies:
      cross-spawn: 4.0.2
      get-stream: 2.3.1
      is-stream: registry.nlark.com/is-stream/1.1.0
      npm-run-path: 2.0.2
      p-finally: 1.0.0
      signal-exit: 3.0.3
      strip-eof: 1.0.0
    dev: false

  registry.nlark.com/execa/0.8.0:
    resolution: {integrity: sha1-2NdrvBtVIX7RkP1t1J08d07PyNo=, registry: https://registry.npm.taobao.org/, tarball: https://registry.nlark.com/execa/download/execa-0.8.0.tgz?cache=0&sync_timestamp=1622825845507&other_urls=https%3A%2F%2Fregistry.nlark.com%2Fexeca%2Fdownload%2Fexeca-0.8.0.tgz}
    name: execa
    version: 0.8.0
    engines: {node: '>=4'}
    dependencies:
      cross-spawn: 5.1.0
      get-stream: 3.0.0
      is-stream: registry.nlark.com/is-stream/1.1.0
      npm-run-path: 2.0.2
      p-finally: 1.0.0
      signal-exit: 3.0.3
      strip-eof: 1.0.0
    dev: false

  registry.nlark.com/find-up/1.1.2:
    resolution: {integrity: sha1-ay6YIrGizgpgq2TWEOzK1TyyTQ8=, registry: https://registry.npm.taobao.org/, tarball: https://registry.nlark.com/find-up/download/find-up-1.1.2.tgz?cache=0&sync_timestamp=1629977917896&other_urls=https%3A%2F%2Fregistry.nlark.com%2Ffind-up%2Fdownload%2Ffind-up-1.1.2.tgz}
    name: find-up
    version: 1.1.2
    engines: {node: '>=0.10.0'}
    dependencies:
      path-exists: registry.nlark.com/path-exists/2.1.0
      pinkie-promise: 2.0.1
    dev: false

  registry.nlark.com/fs-extra/10.0.0:
    resolution: {integrity: sha1-n/YbZV3eU/s0qC34S7IUzoAuF8E=, registry: https://registry.npm.taobao.org/, tarball: https://registry.nlark.com/fs-extra/download/fs-extra-10.0.0.tgz}
    name: fs-extra
    version: 10.0.0
    engines: {node: '>=12'}
    dependencies:
      graceful-fs: registry.nlark.com/graceful-fs/4.2.8
      jsonfile: 6.1.0
      universalify: 2.0.0
    dev: false

  registry.nlark.com/fs.realpath/1.0.0:
    resolution: {integrity: sha1-FQStJSMVjKpA20onh8sBQRmU6k8=, registry: https://registry.npm.taobao.org/, tarball: https://registry.nlark.com/fs.realpath/download/fs.realpath-1.0.0.tgz}
    name: fs.realpath
    version: 1.0.0
    dev: false

  registry.nlark.com/glob/7.1.7:
    resolution: {integrity: sha1-Oxk+kjPwHULQs/eClLvutBj5SpA=, registry: https://registry.npm.taobao.org/, tarball: https://registry.nlark.com/glob/download/glob-7.1.7.tgz}
    name: glob
    version: 7.1.7
    dependencies:
      fs.realpath: registry.nlark.com/fs.realpath/1.0.0
      inflight: 1.0.6
      inherits: 2.0.4
      minimatch: 3.0.4
      once: 1.4.0
      path-is-absolute: 1.0.1
    dev: false

  registry.nlark.com/globby/5.0.0:
    resolution: {integrity: sha1-69hGZ8oNuzMLmbz8aOrCvFQ3Dg0=, registry: https://registry.npm.taobao.org/, tarball: https://registry.nlark.com/globby/download/globby-5.0.0.tgz?cache=0&sync_timestamp=1629804366639&other_urls=https%3A%2F%2Fregistry.nlark.com%2Fglobby%2Fdownload%2Fglobby-5.0.0.tgz}
    name: globby
    version: 5.0.0
    engines: {node: '>=0.10.0'}
    dependencies:
      array-union: 1.0.2
      arrify: registry.nlark.com/arrify/1.0.1
      glob: registry.nlark.com/glob/7.1.7
      object-assign: 4.1.1
      pify: 2.3.0
      pinkie-promise: 2.0.1
    dev: false

  registry.nlark.com/got/6.7.1:
    resolution: {integrity: sha1-JAzQV4WpoY5WHcG0S0HHY+8ejbA=, registry: https://registry.npm.taobao.org/, tarball: https://registry.nlark.com/got/download/got-6.7.1.tgz}
    name: got
    version: 6.7.1
    engines: {node: '>=4'}
    dependencies:
      create-error-class: registry.nlark.com/create-error-class/3.0.2
      duplexer3: 0.1.4
      get-stream: 3.0.0
      is-redirect: registry.nlark.com/is-redirect/1.0.0
      is-retry-allowed: 1.2.0
      is-stream: registry.nlark.com/is-stream/1.1.0
      lowercase-keys: 1.0.1
      safe-buffer: registry.nlark.com/safe-buffer/5.2.1
      timed-out: registry.nlark.com/timed-out/4.0.1
      unzip-response: 2.0.1
      url-parse-lax: registry.nlark.com/url-parse-lax/1.0.0
    dev: false

  registry.nlark.com/graceful-fs/4.2.8:
    resolution: {integrity: sha1-5BK40z9eAGWTy9PO5t+fLOu+gCo=, registry: https://registry.npm.taobao.org/, tarball: https://registry.nlark.com/graceful-fs/download/graceful-fs-4.2.8.tgz}
    name: graceful-fs
    version: 4.2.8
    dev: false

  registry.nlark.com/hook-std/0.2.0:
    resolution: {integrity: sha1-6lHBNrAZb62nWV7I3pUBQDTKH+Y=, registry: https://registry.npm.taobao.org/, tarball: https://registry.nlark.com/hook-std/download/hook-std-0.2.0.tgz}
    name: hook-std
    version: 0.2.0
    engines: {node: '>=0.10.0'}
    dev: false

  registry.nlark.com/is-core-module/2.6.0:
    resolution: {integrity: sha1-11U7JSb+Wbkro+QMjfdX7Ipwnhk=, registry: https://registry.npm.taobao.org/, tarball: https://registry.nlark.com/is-core-module/download/is-core-module-2.6.0.tgz}
    name: is-core-module
    version: 2.6.0
    dependencies:
      has: 1.0.3
    dev: false

  registry.nlark.com/is-path-cwd/1.0.0:
    resolution: {integrity: sha1-0iXsIxMuie3Tj9p2dHLmLmXxEG0=, registry: https://registry.npm.taobao.org/, tarball: https://registry.nlark.com/is-path-cwd/download/is-path-cwd-1.0.0.tgz}
    name: is-path-cwd
    version: 1.0.0
    engines: {node: '>=0.10.0'}
    dev: false

  registry.nlark.com/is-path-in-cwd/1.0.1:
    resolution: {integrity: sha1-WsSLNF72dTOb1sekipEhELJBz1I=, registry: https://registry.npm.taobao.org/, tarball: https://registry.nlark.com/is-path-in-cwd/download/is-path-in-cwd-1.0.1.tgz}
    name: is-path-in-cwd
    version: 1.0.1
    engines: {node: '>=0.10.0'}
    dependencies:
      is-path-inside: registry.nlark.com/is-path-inside/1.0.1
    dev: false

  registry.nlark.com/is-path-inside/1.0.1:
    resolution: {integrity: sha1-jvW33lBDej/cprToZe96pVy0gDY=, registry: https://registry.npm.taobao.org/, tarball: https://registry.nlark.com/is-path-inside/download/is-path-inside-1.0.1.tgz}
    name: is-path-inside
    version: 1.0.1
    engines: {node: '>=0.10.0'}
    dependencies:
      path-is-inside: 1.0.2
    dev: false

  registry.nlark.com/is-redirect/1.0.0:
    resolution: {integrity: sha1-HQPd7VO9jbDzDCbk+V02/HyH3CQ=, registry: https://registry.npm.taobao.org/, tarball: https://registry.nlark.com/is-redirect/download/is-redirect-1.0.0.tgz}
    name: is-redirect
    version: 1.0.0
    engines: {node: '>=0.10.0'}
    dev: false

  registry.nlark.com/is-stream/1.1.0:
    resolution: {integrity: sha1-EtSj3U5o4Lec6428hBc66A2RykQ=, registry: https://registry.npm.taobao.org/, tarball: https://registry.nlark.com/is-stream/download/is-stream-1.1.0.tgz}
    name: is-stream
    version: 1.1.0
    engines: {node: '>=0.10.0'}
    dev: false

  registry.nlark.com/latest-version/3.1.0:
    resolution: {integrity: sha1-ogU4P+oyKzO1rjsYq+4NwvNW7hU=, registry: https://registry.npm.taobao.org/, tarball: https://registry.nlark.com/latest-version/download/latest-version-3.1.0.tgz}
    name: latest-version
    version: 3.1.0
    engines: {node: '>=4'}
    dependencies:
      package-json: registry.nlark.com/package-json/4.0.1
    dev: false

  registry.nlark.com/normalize-package-data/2.5.0:
    resolution: {integrity: sha1-5m2xg4sgDB38IzIl0SyzZSDiNKg=, registry: https://registry.npm.taobao.org/, tarball: https://registry.nlark.com/normalize-package-data/download/normalize-package-data-2.5.0.tgz?cache=0&sync_timestamp=1629302655389&other_urls=https%3A%2F%2Fregistry.nlark.com%2Fnormalize-package-data%2Fdownload%2Fnormalize-package-data-2.5.0.tgz}
    name: normalize-package-data
    version: 2.5.0
    dependencies:
      hosted-git-info: 2.8.9
      resolve: 1.20.0
      semver: 5.7.1
      validate-npm-package-license: 3.0.4
    dev: false

  registry.nlark.com/package-json/4.0.1:
    resolution: {integrity: sha1-iGmgQBJTZhxMTKPabCEh7VVfXu0=, registry: https://registry.npm.taobao.org/, tarball: https://registry.nlark.com/package-json/download/package-json-4.0.1.tgz}
    name: package-json
    version: 4.0.1
    engines: {node: '>=4'}
    dependencies:
      got: registry.nlark.com/got/6.7.1
      registry-auth-token: 3.4.0
      registry-url: 3.1.0
      semver: 5.7.1
    dev: false

  registry.nlark.com/path-exists/2.1.0:
    resolution: {integrity: sha1-D+tsZPD8UY2adU3V77YscCJ2H0s=, registry: https://registry.npm.taobao.org/, tarball: https://registry.nlark.com/path-exists/download/path-exists-2.1.0.tgz}
    name: path-exists
    version: 2.1.0
    engines: {node: '>=0.10.0'}
    dependencies:
      pinkie-promise: 2.0.1
    dev: false

  registry.nlark.com/path-exists/3.0.0:
    resolution: {integrity: sha1-zg6+ql94yxiSXqfYENe1mwEP1RU=, registry: https://registry.npm.taobao.org/, tarball: https://registry.nlark.com/path-exists/download/path-exists-3.0.0.tgz}
    name: path-exists
    version: 3.0.0
    engines: {node: '>=4'}
    dev: false

  registry.nlark.com/path-parse/1.0.7:
    resolution: {integrity: sha1-+8EUtgykKzDZ2vWFjkvWi77bZzU=, registry: https://registry.npm.taobao.org/, tarball: https://registry.nlark.com/path-parse/download/path-parse-1.0.7.tgz}
    name: path-parse
    version: 1.0.7
    dev: false

  registry.nlark.com/plist/2.1.0:
    resolution: {integrity: sha1-V8zbeggh3yGDEhejytVOPhRqECU=, registry: https://registry.npm.taobao.org/, tarball: https://registry.nlark.com/plist/download/plist-2.1.0.tgz}
    name: plist
    version: 2.1.0
    dependencies:
      base64-js: 1.2.0
      xmlbuilder: registry.nlark.com/xmlbuilder/8.2.2
      xmldom: registry.nlark.com/xmldom/0.1.31
    dev: false

  registry.nlark.com/prepend-http/1.0.4:
    resolution: {integrity: sha1-1PRWKwzjaW5BrFLQ4ALlemNdxtw=, registry: https://registry.npm.taobao.org/, tarball: https://registry.nlark.com/prepend-http/download/prepend-http-1.0.4.tgz}
    name: prepend-http
    version: 1.0.4
    engines: {node: '>=0.10.0'}
    dev: false

  registry.nlark.com/read-pkg/1.1.0:
    resolution: {integrity: sha1-9f+qXs0pyzHAR0vKfXVra7KePyg=, registry: https://registry.npm.taobao.org/, tarball: https://registry.nlark.com/read-pkg/download/read-pkg-1.1.0.tgz?cache=0&sync_timestamp=1628985520600&other_urls=https%3A%2F%2Fregistry.nlark.com%2Fread-pkg%2Fdownload%2Fread-pkg-1.1.0.tgz}
    name: read-pkg
    version: 1.1.0
    engines: {node: '>=0.10.0'}
    dependencies:
      load-json-file: 1.1.0
      normalize-package-data: registry.nlark.com/normalize-package-data/2.5.0
      path-type: 1.1.0
    dev: false

  registry.nlark.com/read-pkg/2.0.0:
    resolution: {integrity: sha1-jvHAYjxqbbDcZxPEv6xGMysjaPg=, registry: https://registry.npm.taobao.org/, tarball: https://registry.nlark.com/read-pkg/download/read-pkg-2.0.0.tgz?cache=0&sync_timestamp=1628985520600&other_urls=https%3A%2F%2Fregistry.nlark.com%2Fread-pkg%2Fdownload%2Fread-pkg-2.0.0.tgz}
    name: read-pkg
    version: 2.0.0
    engines: {node: '>=4'}
    dependencies:
      load-json-file: 2.0.0
      normalize-package-data: registry.nlark.com/normalize-package-data/2.5.0
      path-type: 2.0.0
    dev: false

  registry.nlark.com/resolve-alfred-prefs/1.0.0:
    resolution: {integrity: sha1-qukUCIV4gptYSk5rclB+jCCW7Dc=, registry: https://registry.npm.taobao.org/, tarball: https://registry.nlark.com/resolve-alfred-prefs/download/resolve-alfred-prefs-1.0.0.tgz}
    name: resolve-alfred-prefs
    version: 1.0.0
    engines: {node: '>=4'}
    dependencies:
      bplist-parser: registry.nlark.com/bplist-parser/0.1.1
      path-exists: registry.nlark.com/path-exists/3.0.0
      pify: 2.3.0
      untildify: registry.nlark.com/untildify/3.0.3
      user-home: 2.0.0
    dev: false

  registry.nlark.com/run-node/2.0.0:
    resolution: {integrity: sha1-D1mNsr8cyjzJcqvbb0jB9Ayykxc=, registry: https://registry.npm.taobao.org/, tarball: https://registry.nlark.com/run-node/download/run-node-2.0.0.tgz}
    name: run-node
    version: 2.0.0
    engines: {node: '>=10'}
    hasBin: true
    dev: false

  registry.nlark.com/safe-buffer/5.2.1:
    resolution: {integrity: sha1-Hq+fqb2x/dTsdfWPnNtOa3gn7sY=, registry: https://registry.npm.taobao.org/, tarball: https://registry.nlark.com/safe-buffer/download/safe-buffer-5.2.1.tgz}
    name: safe-buffer
    version: 5.2.1
    dev: false

  registry.nlark.com/shebang-regex/1.0.0:
    resolution: {integrity: sha1-2kL0l0DAtC2yypcoVxyxkMmO/qM=, registry: https://registry.npm.taobao.org/, tarball: https://registry.nlark.com/shebang-regex/download/shebang-regex-1.0.0.tgz}
    name: shebang-regex
    version: 1.0.0
    engines: {node: '>=0.10.0'}
    dev: false

  registry.nlark.com/spdx-license-ids/3.0.10:
    resolution: {integrity: sha1-DZvszN5wA9bGWNSH3UijLwvzAUs=, registry: https://registry.npm.taobao.org/, tarball: https://registry.nlark.com/spdx-license-ids/download/spdx-license-ids-3.0.10.tgz?cache=0&sync_timestamp=1628483655780&other_urls=https%3A%2F%2Fregistry.nlark.com%2Fspdx-license-ids%2Fdownload%2Fspdx-license-ids-3.0.10.tgz}
    name: spdx-license-ids
    version: 3.0.10
    dev: false

  registry.nlark.com/strip-ansi/3.0.1:
    resolution: {integrity: sha1-ajhfuIU9lS1f8F0Oiq+UJ43GPc8=, registry: https://registry.npm.taobao.org/, tarball: https://registry.nlark.com/strip-ansi/download/strip-ansi-3.0.1.tgz?cache=0&sync_timestamp=1626229838543&other_urls=https%3A%2F%2Fregistry.nlark.com%2Fstrip-ansi%2Fdownload%2Fstrip-ansi-3.0.1.tgz}
    name: strip-ansi
    version: 3.0.1
    engines: {node: '>=0.10.0'}
    dependencies:
      ansi-regex: 2.1.1
    dev: false

  registry.nlark.com/strip-json-comments/2.0.1:
    resolution: {integrity: sha1-PFMZQukIwml8DsNEhYwobHygpgo=, registry: https://registry.npm.taobao.org/, tarball: https://registry.nlark.com/strip-json-comments/download/strip-json-comments-2.0.1.tgz}
    name: strip-json-comments
    version: 2.0.1
    engines: {node: '>=0.10.0'}
    dev: false

  registry.nlark.com/sudo-block/1.2.0:
    resolution: {integrity: sha1-zFOb+BkWJNT1B9g+60W0zqJ/NGM=, registry: https://registry.npm.taobao.org/, tarball: https://registry.nlark.com/sudo-block/download/sudo-block-1.2.0.tgz}
    name: sudo-block
    version: 1.2.0
    engines: {node: '>=0.10.0'}
    dependencies:
      chalk: registry.nlark.com/chalk/1.1.3
      is-docker: 1.1.0
      is-root: 1.0.0
    dev: false

  registry.nlark.com/supports-color/2.0.0:
    resolution: {integrity: sha1-U10EXOa2Nj+kARcIRimZXp3zJMc=, registry: https://registry.npm.taobao.org/, tarball: https://registry.nlark.com/supports-color/download/supports-color-2.0.0.tgz}
    name: supports-color
    version: 2.0.0
    engines: {node: '>=0.8.0'}
    dev: false

  registry.nlark.com/timed-out/4.0.1:
    resolution: {integrity: sha1-8y6srFoXW+ol1/q1Zas+2HQe9W8=, registry: https://registry.npm.taobao.org/, tarball: https://registry.nlark.com/timed-out/download/timed-out-4.0.1.tgz?cache=0&sync_timestamp=1619074717807&other_urls=https%3A%2F%2Fregistry.nlark.com%2Ftimed-out%2Fdownload%2Ftimed-out-4.0.1.tgz}
    name: timed-out
    version: 4.0.1
    engines: {node: '>=0.10.0'}
    dev: false

  registry.nlark.com/untildify/3.0.3:
    resolution: {integrity: sha1-HntCsUC8/ZIrIucMoSZb/jY0x8k=, registry: https://registry.npm.taobao.org/, tarball: https://registry.nlark.com/untildify/download/untildify-3.0.3.tgz}
    name: untildify
    version: 3.0.3
    engines: {node: '>=4'}
    dev: false

  registry.nlark.com/url-parse-lax/1.0.0:
    resolution: {integrity: sha1-evjzA2Rem9eaJy56FKxovAYJ2nM=, registry: https://registry.npm.taobao.org/, tarball: https://registry.nlark.com/url-parse-lax/download/url-parse-lax-1.0.0.tgz}
    name: url-parse-lax
    version: 1.0.0
    engines: {node: '>=0.10.0'}
    dependencies:
      prepend-http: registry.nlark.com/prepend-http/1.0.4
    dev: false

  registry.nlark.com/wrappy/1.0.2:
    resolution: {integrity: sha1-tSQ9jz7BqjXxNkYFvA0QNuMKtp8=, registry: https://registry.npm.taobao.org/, tarball: https://registry.nlark.com/wrappy/download/wrappy-1.0.2.tgz}
    name: wrappy
    version: 1.0.2
    dev: false

  registry.nlark.com/xmlbuilder/8.2.2:
    resolution: {integrity: sha1-aSSGc0ELS6QuGmE2VR0pIjNap3M=, registry: https://registry.npm.taobao.org/, tarball: https://registry.nlark.com/xmlbuilder/download/xmlbuilder-8.2.2.tgz}
    name: xmlbuilder
    version: 8.2.2
    engines: {node: '>=4.0'}
    dev: false

  registry.nlark.com/xmldom/0.1.31:
    resolution: {integrity: sha1-t2yaG9nwqXN+WnLcNyMc84N14v8=, registry: https://registry.npm.taobao.org/, tarball: https://registry.nlark.com/xmldom/download/xmldom-0.1.31.tgz}
    name: xmldom
    version: 0.1.31
    engines: {node: '>=0.1'}
    deprecated: Deprecated due to CVE-2021-21366 resolved in 0.5.0
    dev: false

  registry.nlark.com/yallist/2.1.2:
    resolution: {integrity: sha1-HBH5IY8HYImkfdUS+TxmmaaoHVI=, registry: https://registry.npm.taobao.org/, tarball: https://registry.nlark.com/yallist/download/yallist-2.1.2.tgz}
    name: yallist
    version: 2.1.2
    dev: false
